// !$*UTF8*$!
{
	archiveVersion = 1;
	classes = {
	};
	objectVersion = 46;
	objects = {

/* Begin PBXBuildFile section */
		523DC7CF1CB0EC8B00C4D7D2 /* art.scnassets in Resources */ = {isa = PBXBuildFile; fileRef = 523DC7CE1CB0EC8B00C4D7D2 /* art.scnassets */; };
		523DC7D21CB0EE8700C4D7D2 /* FlightViewController.swift in Sources */ = {isa = PBXBuildFile; fileRef = 523DC7D11CB0EE8700C4D7D2 /* FlightViewController.swift */; };
		5271448A1CB52E8B007694D7 /* BonjourNetworkManager.swift in Sources */ = {isa = PBXBuildFile; fileRef = 527144891CB52E8B007694D7 /* BonjourNetworkManager.swift */; };
		5271448C1CB6340E007694D7 /* SocketIOManager.swift in Sources */ = {isa = PBXBuildFile; fileRef = 5271448B1CB6340E007694D7 /* SocketIOManager.swift */; };
		5273AB641CB0448E00436D14 /* AppDelegate.swift in Sources */ = {isa = PBXBuildFile; fileRef = 5273AB631CB0448E00436D14 /* AppDelegate.swift */; };
		5273AB661CB0448E00436D14 /* ViewController.swift in Sources */ = {isa = PBXBuildFile; fileRef = 5273AB651CB0448E00436D14 /* ViewController.swift */; };
		5273AB691CB0448E00436D14 /* Main.storyboard in Resources */ = {isa = PBXBuildFile; fileRef = 5273AB671CB0448E00436D14 /* Main.storyboard */; };
		5273AB6B1CB0448E00436D14 /* Assets.xcassets in Resources */ = {isa = PBXBuildFile; fileRef = 5273AB6A1CB0448E00436D14 /* Assets.xcassets */; };
		5273AB6E1CB0448E00436D14 /* LaunchScreen.storyboard in Resources */ = {isa = PBXBuildFile; fileRef = 5273AB6C1CB0448E00436D14 /* LaunchScreen.storyboard */; };
		579803DC2D72D221F7003DB6 /* Pods_Quadcopter.framework in Frameworks */ = {isa = PBXBuildFile; fileRef = 57D76CB62F2AC59FDEBAF99F /* Pods_Quadcopter.framework */; };
/* End PBXBuildFile section */

/* Begin PBXFileReference section */
		523DC7CE1CB0EC8B00C4D7D2 /* art.scnassets */ = {isa = PBXFileReference; lastKnownFileType = wrapper.scnassets; path = art.scnassets; sourceTree = "<group>"; };
		523DC7D11CB0EE8700C4D7D2 /* FlightViewController.swift */ = {isa = PBXFileReference; fileEncoding = 4; lastKnownFileType = sourcecode.swift; path = FlightViewController.swift; sourceTree = "<group>"; };
		527144891CB52E8B007694D7 /* BonjourNetworkManager.swift */ = {isa = PBXFileReference; fileEncoding = 4; lastKnownFileType = sourcecode.swift; path = BonjourNetworkManager.swift; sourceTree = "<group>"; };
		5271448B1CB6340E007694D7 /* SocketIOManager.swift */ = {isa = PBXFileReference; fileEncoding = 4; lastKnownFileType = sourcecode.swift; name = SocketIOManager.swift; path = ../SocketIOManager.swift; sourceTree = "<group>"; };
		5273AB601CB0448E00436D14 /* Quadcopter.app */ = {isa = PBXFileReference; explicitFileType = wrapper.application; includeInIndex = 0; path = Quadcopter.app; sourceTree = BUILT_PRODUCTS_DIR; };
		5273AB631CB0448E00436D14 /* AppDelegate.swift */ = {isa = PBXFileReference; lastKnownFileType = sourcecode.swift; path = AppDelegate.swift; sourceTree = "<group>"; };
		5273AB651CB0448E00436D14 /* ViewController.swift */ = {isa = PBXFileReference; lastKnownFileType = sourcecode.swift; path = ViewController.swift; sourceTree = "<group>"; };
		5273AB681CB0448E00436D14 /* Base */ = {isa = PBXFileReference; lastKnownFileType = file.storyboard; name = Base; path = Base.lproj/Main.storyboard; sourceTree = "<group>"; };
		5273AB6A1CB0448E00436D14 /* Assets.xcassets */ = {isa = PBXFileReference; lastKnownFileType = folder.assetcatalog; path = Assets.xcassets; sourceTree = "<group>"; };
		5273AB6D1CB0448E00436D14 /* Base */ = {isa = PBXFileReference; lastKnownFileType = file.storyboard; name = Base; path = Base.lproj/LaunchScreen.storyboard; sourceTree = "<group>"; };
		5273AB6F1CB0448E00436D14 /* Info.plist */ = {isa = PBXFileReference; lastKnownFileType = text.plist.xml; path = Info.plist; sourceTree = "<group>"; };
		57D76CB62F2AC59FDEBAF99F /* Pods_Quadcopter.framework */ = {isa = PBXFileReference; explicitFileType = wrapper.framework; includeInIndex = 0; path = Pods_Quadcopter.framework; sourceTree = BUILT_PRODUCTS_DIR; };
		C85BA73026F024788ADBB4E6 /* Pods-Quadcopter.release.xcconfig */ = {isa = PBXFileReference; includeInIndex = 1; lastKnownFileType = text.xcconfig; name = "Pods-Quadcopter.release.xcconfig"; path = "Pods/Target Support Files/Pods-Quadcopter/Pods-Quadcopter.release.xcconfig"; sourceTree = "<group>"; };
		FE7D4EDB854392339D39A23D /* Pods-Quadcopter.debug.xcconfig */ = {isa = PBXFileReference; includeInIndex = 1; lastKnownFileType = text.xcconfig; name = "Pods-Quadcopter.debug.xcconfig"; path = "Pods/Target Support Files/Pods-Quadcopter/Pods-Quadcopter.debug.xcconfig"; sourceTree = "<group>"; };
/* End PBXFileReference section */

/* Begin PBXFrameworksBuildPhase section */
		5273AB5D1CB0448E00436D14 /* Frameworks */ = {
			isa = PBXFrameworksBuildPhase;
			buildActionMask = 2147483647;
			files = (
				579803DC2D72D221F7003DB6 /* Pods_Quadcopter.framework in Frameworks */,
			);
			runOnlyForDeploymentPostprocessing = 0;
		};
/* End PBXFrameworksBuildPhase section */

/* Begin PBXGroup section */
		3ECBDDE7213DA3D9EECE4D42 /* Frameworks */ = {
			isa = PBXGroup;
			children = (
				57D76CB62F2AC59FDEBAF99F /* Pods_Quadcopter.framework */,
			);
			name = Frameworks;
			sourceTree = "<group>";
		};
		523DC7D01CB0EC9300C4D7D2 /* Extra */ = {
			isa = PBXGroup;
			children = (
				5273AB6F1CB0448E00436D14 /* Info.plist */,
				5273AB631CB0448E00436D14 /* AppDelegate.swift */,
			);
			name = Extra;
			sourceTree = "<group>";
		};
		5271448D1CB6342E007694D7 /* Models */ = {
			isa = PBXGroup;
			children = (
				5271448B1CB6340E007694D7 /* SocketIOManager.swift */,
				527144891CB52E8B007694D7 /* BonjourNetworkManager.swift */,
			);
			name = Models;
			sourceTree = "<group>";
		};
		5271448E1CB6344A007694D7 /* View */ = {
			isa = PBXGroup;
			children = (
				5273AB671CB0448E00436D14 /* Main.storyboard */,
			);
			name = View;
			sourceTree = "<group>";
		};
		5271448F1CB6346C007694D7 /* Controller */ = {
			isa = PBXGroup;
			children = (
				5273AB651CB0448E00436D14 /* ViewController.swift */,
				523DC7D11CB0EE8700C4D7D2 /* FlightViewController.swift */,
			);
			name = Controller;
			sourceTree = "<group>";
		};
		5273AB571CB0448E00436D14 = {
			isa = PBXGroup;
			children = (
				5273AB621CB0448E00436D14 /* Quadcopter */,
				5273AB611CB0448E00436D14 /* Products */,
				9E3E2BD7E2058603A157658C /* Pods */,
				3ECBDDE7213DA3D9EECE4D42 /* Frameworks */,
			);
			sourceTree = "<group>";
		};
		5273AB611CB0448E00436D14 /* Products */ = {
			isa = PBXGroup;
			children = (
				5273AB601CB0448E00436D14 /* Quadcopter.app */,
			);
			name = Products;
			sourceTree = "<group>";
		};
		5273AB621CB0448E00436D14 /* Quadcopter */ = {
			isa = PBXGroup;
			children = (
				5271448D1CB6342E007694D7 /* Models */,
				523DC7D01CB0EC9300C4D7D2 /* Extra */,
				5271448E1CB6344A007694D7 /* View */,
				5271448F1CB6346C007694D7 /* Controller */,
				523DC7CE1CB0EC8B00C4D7D2 /* art.scnassets */,
				5273AB6A1CB0448E00436D14 /* Assets.xcassets */,
				5273AB6C1CB0448E00436D14 /* LaunchScreen.storyboard */,
			);
			path = Quadcopter;
			sourceTree = "<group>";
		};
		9E3E2BD7E2058603A157658C /* Pods */ = {
			isa = PBXGroup;
			children = (
				FE7D4EDB854392339D39A23D /* Pods-Quadcopter.debug.xcconfig */,
				C85BA73026F024788ADBB4E6 /* Pods-Quadcopter.release.xcconfig */,
			);
			name = Pods;
			sourceTree = "<group>";
		};
/* End PBXGroup section */

/* Begin PBXNativeTarget section */
		5273AB5F1CB0448E00436D14 /* Quadcopter */ = {
			isa = PBXNativeTarget;
			buildConfigurationList = 5273AB721CB0448E00436D14 /* Build configuration list for PBXNativeTarget "Quadcopter" */;
			buildPhases = (
				0BF95425339F9CAB6928EA36 /* Check Pods Manifest.lock */,
				5273AB5C1CB0448E00436D14 /* Sources */,
				5273AB5D1CB0448E00436D14 /* Frameworks */,
				5273AB5E1CB0448E00436D14 /* Resources */,
				C08F084A9DDE2F0B46D132A5 /* Embed Pods Frameworks */,
				5C10C282750B9F99A441C7E7 /* Copy Pods Resources */,
			);
			buildRules = (
			);
			dependencies = (
			);
			name = Quadcopter;
			productName = Quadcopter;
			productReference = 5273AB601CB0448E00436D14 /* Quadcopter.app */;
			productType = "com.apple.product-type.application";
		};
/* End PBXNativeTarget section */

/* Begin PBXProject section */
		5273AB581CB0448E00436D14 /* Project object */ = {
			isa = PBXProject;
			attributes = {
				LastSwiftUpdateCheck = 0730;
				LastUpgradeCheck = 0730;
				ORGANIZATIONNAME = "Shyam Ravikumar";
				TargetAttributes = {
					5273AB5F1CB0448E00436D14 = {
						CreatedOnToolsVersion = 7.3;
						DevelopmentTeam = FQA493FRT4;
					};
				};
			};
			buildConfigurationList = 5273AB5B1CB0448E00436D14 /* Build configuration list for PBXProject "Quadcopter" */;
			compatibilityVersion = "Xcode 3.2";
			developmentRegion = English;
			hasScannedForEncodings = 0;
			knownRegions = (
				en,
				Base,
			);
			mainGroup = 5273AB571CB0448E00436D14;
			productRefGroup = 5273AB611CB0448E00436D14 /* Products */;
			projectDirPath = "";
			projectRoot = "";
			targets = (
				5273AB5F1CB0448E00436D14 /* Quadcopter */,
			);
		};
/* End PBXProject section */

/* Begin PBXResourcesBuildPhase section */
		5273AB5E1CB0448E00436D14 /* Resources */ = {
			isa = PBXResourcesBuildPhase;
			buildActionMask = 2147483647;
			files = (
				5273AB6E1CB0448E00436D14 /* LaunchScreen.storyboard in Resources */,
				523DC7CF1CB0EC8B00C4D7D2 /* art.scnassets in Resources */,
				5273AB6B1CB0448E00436D14 /* Assets.xcassets in Resources */,
				5273AB691CB0448E00436D14 /* Main.storyboard in Resources */,
			);
			runOnlyForDeploymentPostprocessing = 0;
		};
/* End PBXResourcesBuildPhase section */

/* Begin PBXShellScriptBuildPhase section */
		0BF95425339F9CAB6928EA36 /* Check Pods Manifest.lock */ = {
			isa = PBXShellScriptBuildPhase;
			buildActionMask = 2147483647;
			files = (
			);
			inputPaths = (
			);
			name = "Check Pods Manifest.lock";
			outputPaths = (
			);
			runOnlyForDeploymentPostprocessing = 0;
			shellPath = /bin/sh;
			shellScript = "diff \"${PODS_ROOT}/../Podfile.lock\" \"${PODS_ROOT}/Manifest.lock\" > /dev/null\nif [[ $? != 0 ]] ; then\n    cat << EOM\nerror: The sandbox is not in sync with the Podfile.lock. Run 'pod install' or update your CocoaPods installation.\nEOM\n    exit 1\nfi\n";
			showEnvVarsInLog = 0;
		};
		5C10C282750B9F99A441C7E7 /* Copy Pods Resources */ = {
			isa = PBXShellScriptBuildPhase;
			buildActionMask = 2147483647;
			files = (
			);
			inputPaths = (
			);
			name = "Copy Pods Resources";
			outputPaths = (
			);
			runOnlyForDeploymentPostprocessing = 0;
			shellPath = /bin/sh;
			shellScript = "\"${SRCROOT}/Pods/Target Support Files/Pods-Quadcopter/Pods-Quadcopter-resources.sh\"\n";
			showEnvVarsInLog = 0;
		};
		C08F084A9DDE2F0B46D132A5 /* Embed Pods Frameworks */ = {
			isa = PBXShellScriptBuildPhase;
			buildActionMask = 2147483647;
			files = (
			);
			inputPaths = (
			);
			name = "Embed Pods Frameworks";
			outputPaths = (
			);
			runOnlyForDeploymentPostprocessing = 0;
			shellPath = /bin/sh;
			shellScript = "\"${SRCROOT}/Pods/Target Support Files/Pods-Quadcopter/Pods-Quadcopter-frameworks.sh\"\n";
			showEnvVarsInLog = 0;
		};
/* End PBXShellScriptBuildPhase section */

/* Begin PBXSourcesBuildPhase section */
		5273AB5C1CB0448E00436D14 /* Sources */ = {
			isa = PBXSourcesBuildPhase;
			buildActionMask = 2147483647;
			files = (
				5273AB661CB0448E00436D14 /* ViewController.swift in Sources */,
				5271448C1CB6340E007694D7 /* SocketIOManager.swift in Sources */,
				5271448A1CB52E8B007694D7 /* BonjourNetworkManager.swift in Sources */,
				5273AB641CB0448E00436D14 /* AppDelegate.swift in Sources */,
				523DC7D21CB0EE8700C4D7D2 /* FlightViewController.swift in Sources */,
			);
			runOnlyForDeploymentPostprocessing = 0;
		};
/* End PBXSourcesBuildPhase section */

/* Begin PBXVariantGroup section */
		5273AB671CB0448E00436D14 /* Main.storyboard */ = {
			isa = PBXVariantGroup;
			children = (
				5273AB681CB0448E00436D14 /* Base */,
			);
			name = Main.storyboard;
			sourceTree = "<group>";
		};
		5273AB6C1CB0448E00436D14 /* LaunchScreen.storyboard */ = {
			isa = PBXVariantGroup;
			children = (
				5273AB6D1CB0448E00436D14 /* Base */,
			);
			name = LaunchScreen.storyboard;
			sourceTree = "<group>";
		};
/* End PBXVariantGroup section */

/* Begin XCBuildConfiguration section */
		5273AB701CB0448E00436D14 /* Debug */ = {
			isa = XCBuildConfiguration;
			buildSettings = {
				ALWAYS_SEARCH_USER_PATHS = NO;
				CLANG_ANALYZER_NONNULL = YES;
				CLANG_CXX_LANGUAGE_STANDARD = "gnu++0x";
				CLANG_CXX_LIBRARY = "libc++";
				CLANG_ENABLE_MODULES = YES;
				CLANG_ENABLE_OBJC_ARC = YES;
				CLANG_WARN_BOOL_CONVERSION = YES;
				CLANG_WARN_CONSTANT_CONVERSION = YES;
				CLANG_WARN_DIRECT_OBJC_ISA_USAGE = YES_ERROR;
				CLANG_WARN_EMPTY_BODY = YES;
				CLANG_WARN_ENUM_CONVERSION = YES;
				CLANG_WARN_INT_CONVERSION = YES;
				CLANG_WARN_OBJC_ROOT_CLASS = YES_ERROR;
				CLANG_WARN_UNREACHABLE_CODE = YES;
				CLANG_WARN__DUPLICATE_METHOD_MATCH = YES;
				"CODE_SIGN_IDENTITY[sdk=iphoneos*]" = "iPhone Developer";
				COPY_PHASE_STRIP = NO;
				DEBUG_INFORMATION_FORMAT = dwarf;
				ENABLE_STRICT_OBJC_MSGSEND = YES;
				ENABLE_TESTABILITY = YES;
				GCC_C_LANGUAGE_STANDARD = gnu99;
				GCC_DYNAMIC_NO_PIC = NO;
				GCC_NO_COMMON_BLOCKS = YES;
				GCC_OPTIMIZATION_LEVEL = 0;
				GCC_PREPROCESSOR_DEFINITIONS = (
					"DEBUG=1",
					"$(inherited)",
				);
				GCC_WARN_64_TO_32_BIT_CONVERSION = YES;
				GCC_WARN_ABOUT_RETURN_TYPE = YES_ERROR;
				GCC_WARN_UNDECLARED_SELECTOR = YES;
				GCC_WARN_UNINITIALIZED_AUTOS = YES_AGGRESSIVE;
				GCC_WARN_UNUSED_FUNCTION = YES;
				GCC_WARN_UNUSED_VARIABLE = YES;
				IPHONEOS_DEPLOYMENT_TARGET = 9.3;
				MTL_ENABLE_DEBUG_INFO = YES;
				ONLY_ACTIVE_ARCH = YES;
				SDKROOT = iphoneos;
				SWIFT_OPTIMIZATION_LEVEL = "-Onone";
			};
			name = Debug;
		};
		5273AB711CB0448E00436D14 /* Release */ = {
			isa = XCBuildConfiguration;
			buildSettings = {
				ALWAYS_SEARCH_USER_PATHS = NO;
				CLANG_ANALYZER_NONNULL = YES;
				CLANG_CXX_LANGUAGE_STANDARD = "gnu++0x";
				CLANG_CXX_LIBRARY = "libc++";
				CLANG_ENABLE_MODULES = YES;
				CLANG_ENABLE_OBJC_ARC = YES;
				CLANG_WARN_BOOL_CONVERSION = YES;
				CLANG_WARN_CONSTANT_CONVERSION = YES;
				CLANG_WARN_DIRECT_OBJC_ISA_USAGE = YES_ERROR;
				CLANG_WARN_EMPTY_BODY = YES;
				CLANG_WARN_ENUM_CONVERSION = YES;
				CLANG_WARN_INT_CONVERSION = YES;
				CLANG_WARN_OBJC_ROOT_CLASS = YES_ERROR;
				CLANG_WARN_UNREACHABLE_CODE = YES;
				CLANG_WARN__DUPLICATE_METHOD_MATCH = YES;
				"CODE_SIGN_IDENTITY[sdk=iphoneos*]" = "iPhone Developer";
				COPY_PHASE_STRIP = NO;
				DEBUG_INFORMATION_FORMAT = "dwarf-with-dsym";
				ENABLE_NS_ASSERTIONS = NO;
				ENABLE_STRICT_OBJC_MSGSEND = YES;
				GCC_C_LANGUAGE_STANDARD = gnu99;
				GCC_NO_COMMON_BLOCKS = YES;
				GCC_WARN_64_TO_32_BIT_CONVERSION = YES;
				GCC_WARN_ABOUT_RETURN_TYPE = YES_ERROR;
				GCC_WARN_UNDECLARED_SELECTOR = YES;
				GCC_WARN_UNINITIALIZED_AUTOS = YES_AGGRESSIVE;
				GCC_WARN_UNUSED_FUNCTION = YES;
				GCC_WARN_UNUSED_VARIABLE = YES;
				IPHONEOS_DEPLOYMENT_TARGET = 9.3;
				MTL_ENABLE_DEBUG_INFO = NO;
				SDKROOT = iphoneos;
				VALIDATE_PRODUCT = YES;
			};
			name = Release;
		};
		5273AB731CB0448E00436D14 /* Debug */ = {
			isa = XCBuildConfiguration;
			baseConfigurationReference = FE7D4EDB854392339D39A23D /* Pods-Quadcopter.debug.xcconfig */;
			buildSettings = {
				ASSETCATALOG_COMPILER_APPICON_NAME = AppIcon;
				CODE_SIGN_IDENTITY = "iPhone Developer";
				"CODE_SIGN_IDENTITY[sdk=iphoneos*]" = "iPhone Developer";
				INFOPLIST_FILE = Quadcopter/Info.plist;
				LD_RUNPATH_SEARCH_PATHS = "$(inherited) @executable_path/Frameworks";
				PRODUCT_BUNDLE_IDENTIFIER = com.ShyamHome.Quadcopter;
				PRODUCT_NAME = "$(TARGET_NAME)";
				PROVISIONING_PROFILE = "";
			};
			name = Debug;
		};
		5273AB741CB0448E00436D14 /* Release */ = {
			isa = XCBuildConfiguration;
			baseConfigurationReference = C85BA73026F024788ADBB4E6 /* Pods-Quadcopter.release.xcconfig */;
			buildSettings = {
				ASSETCATALOG_COMPILER_APPICON_NAME = AppIcon;
				CODE_SIGN_IDENTITY = "iPhone Developer";
				"CODE_SIGN_IDENTITY[sdk=iphoneos*]" = "iPhone Developer";
				INFOPLIST_FILE = Quadcopter/Info.plist;
				LD_RUNPATH_SEARCH_PATHS = "$(inherited) @executable_path/Frameworks";
				PRODUCT_BUNDLE_IDENTIFIER = com.ShyamHome.Quadcopter;
				PRODUCT_NAME = "$(TARGET_NAME)";
				PROVISIONING_PROFILE = "";
			};
			name = Release;
		};
/* End XCBuildConfiguration section */

/* Begin XCConfigurationList section */
		5273AB5B1CB0448E00436D14 /* Build configuration list for PBXProject "Quadcopter" */ = {
			isa = XCConfigurationList;
			buildConfigurations = (
				5273AB701CB0448E00436D14 /* Debug */,
				5273AB711CB0448E00436D14 /* Release */,
			);
			defaultConfigurationIsVisible = 0;
			defaultConfigurationName = Release;
		};
		5273AB721CB0448E00436D14 /* Build configuration list for PBXNativeTarget "Quadcopter" */ = {
			isa = XCConfigurationList;
			buildConfigurations = (
				5273AB731CB0448E00436D14 /* Debug */,
				5273AB741CB0448E00436D14 /* Release */,
			);
			defaultConfigurationIsVisible = 0;
			defaultConfigurationName = Release;
		};
/* End XCConfigurationList section */
	};
	rootObject = 5273AB581CB0448E00436D14 /* Project object */;
}
